// !$*UTF8*$!
{
	archiveVersion = 1;
	classes = {
	};
	objectVersion = 56;
	objects = {

/* Begin PBXBuildFile section */
		1A05D40D2D61844200B945C4 /* flash_cardsApp.swift in Sources */ = {isa = PBXBuildFile; fileRef = 1A05D40C2D61844200B945C4 /* flash_cardsApp.swift */; };
		1A05D40F2D61844200B945C4 /* ContentView.swift in Sources */ = {isa = PBXBuildFile; fileRef = 1A05D40E2D61844200B945C4 /* ContentView.swift */; };
		1A05D4112D61844300B945C4 /* Assets.xcassets in Resources */ = {isa = PBXBuildFile; fileRef = 1A05D4102D61844300B945C4 /* Assets.xcassets */; };
		1A05D4142D61844300B945C4 /* Preview Assets.xcassets in Resources */ = {isa = PBXBuildFile; fileRef = 1A05D4132D61844300B945C4 /* Preview Assets.xcassets */; };
		1A05D41E2D61844300B945C4 /* flash_cardsTests.swift in Sources */ = {isa = PBXBuildFile; fileRef = 1A05D41D2D61844300B945C4 /* flash_cardsTests.swift */; };
		1A05D4282D61844300B945C4 /* flash_cardsUITests.swift in Sources */ = {isa = PBXBuildFile; fileRef = 1A05D4272D61844300B945C4 /* flash_cardsUITests.swift */; };
		1A05D42A2D61844300B945C4 /* flash_cardsUITestsLaunchTests.swift in Sources */ = {isa = PBXBuildFile; fileRef = 1A05D4292D61844300B945C4 /* flash_cardsUITestsLaunchTests.swift */; };
		1A05D46E2D61CB6E00B945C4 /* ComposableArchitecture in Frameworks */ = {isa = PBXBuildFile; productRef = 1A05D46D2D61CB6E00B945C4 /* ComposableArchitecture */; };
		1A05D4722D61CBA400B945C4 /* CreateDeckView.swift in Sources */ = {isa = PBXBuildFile; fileRef = 1A05D4712D61CBA400B945C4 /* CreateDeckView.swift */; };
		1A05D4742D61DF9900B945C4 /* EditWordView.swift in Sources */ = {isa = PBXBuildFile; fileRef = 1A05D4732D61DF9900B945C4 /* EditWordView.swift */; };
		1A05D4762D61F3FE00B945C4 /* DeckDetaiView.swift in Sources */ = {isa = PBXBuildFile; fileRef = 1A05D4752D61F3FE00B945C4 /* DeckDetaiView.swift */; };
		1A441E0C2D870FBD00078AD8 /* RealmModels.swift in Sources */ = {isa = PBXBuildFile; fileRef = 1A441E0B2D870FBD00078AD8 /* RealmModels.swift */; };
		1A441E0E2D870FC300078AD8 /* Repositories.swift in Sources */ = {isa = PBXBuildFile; fileRef = 1A441E0D2D870FC300078AD8 /* Repositories.swift */; };
		1A441E102D870FC700078AD8 /* RepositoryClient.swift in Sources */ = {isa = PBXBuildFile; fileRef = 1A441E0F2D870FC700078AD8 /* RepositoryClient.swift */; };
		1A441E152D87149000078AD8 /* RealmSwift in Frameworks */ = {isa = PBXBuildFile; productRef = 1A441E142D87149000078AD8 /* RealmSwift */; };
		1A4678772D6C95F9008951DC /* DeckListView.swift in Sources */ = {isa = PBXBuildFile; fileRef = 1A4678762D6C95F9008951DC /* DeckListView.swift */; };
		1A5E90C02D756DAF005AE0C2 /* FlashCardView.swift in Sources */ = {isa = PBXBuildFile; fileRef = 1A5E90BF2D756DAF005AE0C2 /* FlashCardView.swift */; };
		1A6F508C2D8726B6002AEEB6 /* DemoData.swift in Sources */ = {isa = PBXBuildFile; fileRef = 1A6F508B2D8726B6002AEEB6 /* DemoData.swift */; };
/* End PBXBuildFile section */

/* Begin PBXContainerItemProxy section */
		1A05D41A2D61844300B945C4 /* PBXContainerItemProxy */ = {
			isa = PBXContainerItemProxy;
			containerPortal = 1A05D4012D61844100B945C4 /* Project object */;
			proxyType = 1;
			remoteGlobalIDString = 1A05D4082D61844200B945C4;
			remoteInfo = flash_cards;
		};
		1A05D4242D61844300B945C4 /* PBXContainerItemProxy */ = {
			isa = PBXContainerItemProxy;
			containerPortal = 1A05D4012D61844100B945C4 /* Project object */;
			proxyType = 1;
			remoteGlobalIDString = 1A05D4082D61844200B945C4;
			remoteInfo = flash_cards;
		};
/* End PBXContainerItemProxy section */

/* Begin PBXFileReference section */
		1A05D4092D61844200B945C4 /* flash_cards.app */ = {isa = PBXFileReference; explicitFileType = wrapper.application; includeInIndex = 0; path = flash_cards.app; sourceTree = BUILT_PRODUCTS_DIR; };
		1A05D40C2D61844200B945C4 /* flash_cardsApp.swift */ = {isa = PBXFileReference; lastKnownFileType = sourcecode.swift; path = flash_cardsApp.swift; sourceTree = "<group>"; };
		1A05D40E2D61844200B945C4 /* ContentView.swift */ = {isa = PBXFileReference; lastKnownFileType = sourcecode.swift; path = ContentView.swift; sourceTree = "<group>"; };
		1A05D4102D61844300B945C4 /* Assets.xcassets */ = {isa = PBXFileReference; lastKnownFileType = folder.assetcatalog; path = Assets.xcassets; sourceTree = "<group>"; };
		1A05D4132D61844300B945C4 /* Preview Assets.xcassets */ = {isa = PBXFileReference; lastKnownFileType = folder.assetcatalog; path = "Preview Assets.xcassets"; sourceTree = "<group>"; };
		1A05D4192D61844300B945C4 /* flash_cardsTests.xctest */ = {isa = PBXFileReference; explicitFileType = wrapper.cfbundle; includeInIndex = 0; path = flash_cardsTests.xctest; sourceTree = BUILT_PRODUCTS_DIR; };
		1A05D41D2D61844300B945C4 /* flash_cardsTests.swift */ = {isa = PBXFileReference; lastKnownFileType = sourcecode.swift; path = flash_cardsTests.swift; sourceTree = "<group>"; };
		1A05D4232D61844300B945C4 /* flash_cardsUITests.xctest */ = {isa = PBXFileReference; explicitFileType = wrapper.cfbundle; includeInIndex = 0; path = flash_cardsUITests.xctest; sourceTree = BUILT_PRODUCTS_DIR; };
		1A05D4272D61844300B945C4 /* flash_cardsUITests.swift */ = {isa = PBXFileReference; lastKnownFileType = sourcecode.swift; path = flash_cardsUITests.swift; sourceTree = "<group>"; };
		1A05D4292D61844300B945C4 /* flash_cardsUITestsLaunchTests.swift */ = {isa = PBXFileReference; lastKnownFileType = sourcecode.swift; path = flash_cardsUITestsLaunchTests.swift; sourceTree = "<group>"; };
		1A05D4712D61CBA400B945C4 /* CreateDeckView.swift */ = {isa = PBXFileReference; lastKnownFileType = sourcecode.swift; path = CreateDeckView.swift; sourceTree = "<group>"; };
		1A05D4732D61DF9900B945C4 /* EditWordView.swift */ = {isa = PBXFileReference; lastKnownFileType = sourcecode.swift; path = EditWordView.swift; sourceTree = "<group>"; };
		1A05D4752D61F3FE00B945C4 /* DeckDetaiView.swift */ = {isa = PBXFileReference; lastKnownFileType = sourcecode.swift; path = DeckDetaiView.swift; sourceTree = "<group>"; };
		1A441E0B2D870FBD00078AD8 /* RealmModels.swift */ = {isa = PBXFileReference; fileEncoding = 4; lastKnownFileType = sourcecode.swift; path = RealmModels.swift; sourceTree = "<group>"; };
		1A441E0D2D870FC300078AD8 /* Repositories.swift */ = {isa = PBXFileReference; fileEncoding = 4; lastKnownFileType = sourcecode.swift; path = Repositories.swift; sourceTree = "<group>"; };
		1A441E0F2D870FC700078AD8 /* RepositoryClient.swift */ = {isa = PBXFileReference; fileEncoding = 4; lastKnownFileType = sourcecode.swift; path = RepositoryClient.swift; sourceTree = "<group>"; };
		1A4678762D6C95F9008951DC /* DeckListView.swift */ = {isa = PBXFileReference; lastKnownFileType = sourcecode.swift; path = DeckListView.swift; sourceTree = "<group>"; };
		1A5E90BF2D756DAF005AE0C2 /* FlashCardView.swift */ = {isa = PBXFileReference; fileEncoding = 4; lastKnownFileType = sourcecode.swift; path = FlashCardView.swift; sourceTree = "<group>"; };
		1A6F508B2D8726B6002AEEB6 /* DemoData.swift */ = {isa = PBXFileReference; fileEncoding = 4; lastKnownFileType = sourcecode.swift; path = DemoData.swift; sourceTree = "<group>"; };
/* End PBXFileReference section */

/* Begin PBXFrameworksBuildPhase section */
		1A05D4062D61844200B945C4 /* Frameworks */ = {
			isa = PBXFrameworksBuildPhase;
			buildActionMask = 2147483647;
			files = (
				1A441E152D87149000078AD8 /* RealmSwift in Frameworks */,
				1A05D46E2D61CB6E00B945C4 /* ComposableArchitecture in Frameworks */,
			);
			runOnlyForDeploymentPostprocessing = 0;
		};
		1A05D4162D61844300B945C4 /* Frameworks */ = {
			isa = PBXFrameworksBuildPhase;
			buildActionMask = 2147483647;
			files = (
			);
			runOnlyForDeploymentPostprocessing = 0;
		};
		1A05D4202D61844300B945C4 /* Frameworks */ = {
			isa = PBXFrameworksBuildPhase;
			buildActionMask = 2147483647;
			files = (
			);
			runOnlyForDeploymentPostprocessing = 0;
		};
/* End PBXFrameworksBuildPhase section */

/* Begin PBXGroup section */
		1A05D4002D61844100B945C4 = {
			isa = PBXGroup;
			children = (
				1A05D40B2D61844200B945C4 /* flash_cards */,
				1A05D41C2D61844300B945C4 /* flash_cardsTests */,
				1A05D4262D61844300B945C4 /* flash_cardsUITests */,
				1A05D40A2D61844200B945C4 /* Products */,
			);
			sourceTree = "<group>";
		};
		1A05D40A2D61844200B945C4 /* Products */ = {
			isa = PBXGroup;
			children = (
				1A05D4092D61844200B945C4 /* flash_cards.app */,
				1A05D4192D61844300B945C4 /* flash_cardsTests.xctest */,
				1A05D4232D61844300B945C4 /* flash_cardsUITests.xctest */,
			);
			name = Products;
			sourceTree = "<group>";
		};
		1A05D40B2D61844200B945C4 /* flash_cards */ = {
			isa = PBXGroup;
			children = (
				1A05D40C2D61844200B945C4 /* flash_cardsApp.swift */,
				1A05D40E2D61844200B945C4 /* ContentView.swift */,
				1A05D4712D61CBA400B945C4 /* CreateDeckView.swift */,
				1A05D4102D61844300B945C4 /* Assets.xcassets */,
				1A05D4122D61844300B945C4 /* Preview Content */,
				1A05D4732D61DF9900B945C4 /* EditWordView.swift */,
				1A05D4752D61F3FE00B945C4 /* DeckDetaiView.swift */,
				1A441E0D2D870FC300078AD8 /* Repositories.swift */,
				1A4678762D6C95F9008951DC /* DeckListView.swift */,
				1A5E90BF2D756DAF005AE0C2 /* FlashCardView.swift */,
				1A441E0F2D870FC700078AD8 /* RepositoryClient.swift */,
				1A441E0B2D870FBD00078AD8 /* RealmModels.swift */,
				1A6F508B2D8726B6002AEEB6 /* DemoData.swift */,
			);
			path = flash_cards;
			sourceTree = "<group>";
		};
		1A05D4122D61844300B945C4 /* Preview Content */ = {
			isa = PBXGroup;
			children = (
				1A05D4132D61844300B945C4 /* Preview Assets.xcassets */,
			);
			path = "Preview Content";
			sourceTree = "<group>";
		};
		1A05D41C2D61844300B945C4 /* flash_cardsTests */ = {
			isa = PBXGroup;
			children = (
				1A05D41D2D61844300B945C4 /* flash_cardsTests.swift */,
			);
			path = flash_cardsTests;
			sourceTree = "<group>";
		};
		1A05D4262D61844300B945C4 /* flash_cardsUITests */ = {
			isa = PBXGroup;
			children = (
				1A05D4272D61844300B945C4 /* flash_cardsUITests.swift */,
				1A05D4292D61844300B945C4 /* flash_cardsUITestsLaunchTests.swift */,
			);
			path = flash_cardsUITests;
			sourceTree = "<group>";
		};
/* End PBXGroup section */

/* Begin PBXNativeTarget section */
		1A05D4082D61844200B945C4 /* flash_cards */ = {
			isa = PBXNativeTarget;
			buildConfigurationList = 1A05D42D2D61844300B945C4 /* Build configuration list for PBXNativeTarget "flash_cards" */;
			buildPhases = (
				1A05D4052D61844200B945C4 /* Sources */,
				1A05D4062D61844200B945C4 /* Frameworks */,
				1A05D4072D61844200B945C4 /* Resources */,
			);
			buildRules = (
			);
			dependencies = (
			);
			name = flash_cards;
			packageProductDependencies = (
				1A05D46D2D61CB6E00B945C4 /* ComposableArchitecture */,
				1A441E142D87149000078AD8 /* RealmSwift */,
			);
			productName = flash_cards;
			productReference = 1A05D4092D61844200B945C4 /* flash_cards.app */;
			productType = "com.apple.product-type.application";
		};
		1A05D4182D61844300B945C4 /* flash_cardsTests */ = {
			isa = PBXNativeTarget;
			buildConfigurationList = 1A05D4302D61844300B945C4 /* Build configuration list for PBXNativeTarget "flash_cardsTests" */;
			buildPhases = (
				1A05D4152D61844300B945C4 /* Sources */,
				1A05D4162D61844300B945C4 /* Frameworks */,
				1A05D4172D61844300B945C4 /* Resources */,
			);
			buildRules = (
			);
			dependencies = (
				1A05D41B2D61844300B945C4 /* PBXTargetDependency */,
			);
			name = flash_cardsTests;
			productName = flash_cardsTests;
			productReference = 1A05D4192D61844300B945C4 /* flash_cardsTests.xctest */;
			productType = "com.apple.product-type.bundle.unit-test";
		};
		1A05D4222D61844300B945C4 /* flash_cardsUITests */ = {
			isa = PBXNativeTarget;
			buildConfigurationList = 1A05D4332D61844300B945C4 /* Build configuration list for PBXNativeTarget "flash_cardsUITests" */;
			buildPhases = (
				1A05D41F2D61844300B945C4 /* Sources */,
				1A05D4202D61844300B945C4 /* Frameworks */,
				1A05D4212D61844300B945C4 /* Resources */,
			);
			buildRules = (
			);
			dependencies = (
				1A05D4252D61844300B945C4 /* PBXTargetDependency */,
			);
			name = flash_cardsUITests;
			productName = flash_cardsUITests;
			productReference = 1A05D4232D61844300B945C4 /* flash_cardsUITests.xctest */;
			productType = "com.apple.product-type.bundle.ui-testing";
		};
/* End PBXNativeTarget section */

/* Begin PBXProject section */
		1A05D4012D61844100B945C4 /* Project object */ = {
			isa = PBXProject;
			attributes = {
				BuildIndependentTargetsInParallel = 1;
				LastSwiftUpdateCheck = 1530;
				LastUpgradeCheck = 1530;
				TargetAttributes = {
					1A05D4082D61844200B945C4 = {
						CreatedOnToolsVersion = 15.3;
					};
					1A05D4182D61844300B945C4 = {
						CreatedOnToolsVersion = 15.3;
						TestTargetID = 1A05D4082D61844200B945C4;
					};
					1A05D4222D61844300B945C4 = {
						CreatedOnToolsVersion = 15.3;
						TestTargetID = 1A05D4082D61844200B945C4;
					};
				};
			};
			buildConfigurationList = 1A05D4042D61844100B945C4 /* Build configuration list for PBXProject "flash_cards" */;
			compatibilityVersion = "Xcode 14.0";
			developmentRegion = en;
			hasScannedForEncodings = 0;
			knownRegions = (
				en,
				Base,
			);
			mainGroup = 1A05D4002D61844100B945C4;
			packageReferences = (
				1A05D46C2D61CB6E00B945C4 /* XCRemoteSwiftPackageReference "swift-composable-architecture" */,
				1A441E112D87149000078AD8 /* XCRemoteSwiftPackageReference "realm-swift" */,
			);
			productRefGroup = 1A05D40A2D61844200B945C4 /* Products */;
			projectDirPath = "";
			projectRoot = "";
			targets = (
				1A05D4082D61844200B945C4 /* flash_cards */,
				1A05D4182D61844300B945C4 /* flash_cardsTests */,
				1A05D4222D61844300B945C4 /* flash_cardsUITests */,
			);
		};
/* End PBXProject section */

/* Begin PBXResourcesBuildPhase section */
		1A05D4072D61844200B945C4 /* Resources */ = {
			isa = PBXResourcesBuildPhase;
			buildActionMask = 2147483647;
			files = (
				1A05D4142D61844300B945C4 /* Preview Assets.xcassets in Resources */,
				1A05D4112D61844300B945C4 /* Assets.xcassets in Resources */,
			);
			runOnlyForDeploymentPostprocessing = 0;
		};
		1A05D4172D61844300B945C4 /* Resources */ = {
			isa = PBXResourcesBuildPhase;
			buildActionMask = 2147483647;
			files = (
			);
			runOnlyForDeploymentPostprocessing = 0;
		};
		1A05D4212D61844300B945C4 /* Resources */ = {
			isa = PBXResourcesBuildPhase;
			buildActionMask = 2147483647;
			files = (
			);
			runOnlyForDeploymentPostprocessing = 0;
		};
/* End PBXResourcesBuildPhase section */

/* Begin PBXSourcesBuildPhase section */
		1A05D4052D61844200B945C4 /* Sources */ = {
			isa = PBXSourcesBuildPhase;
			buildActionMask = 2147483647;
			files = (
				1A05D40F2D61844200B945C4 /* ContentView.swift in Sources */,
				1A441E0C2D870FBD00078AD8 /* RealmModels.swift in Sources */,
				1A05D4722D61CBA400B945C4 /* CreateDeckView.swift in Sources */,
				1A6F508C2D8726B6002AEEB6 /* DemoData.swift in Sources */,
				1A5E90C02D756DAF005AE0C2 /* FlashCardView.swift in Sources */,
				1A05D4742D61DF9900B945C4 /* EditWordView.swift in Sources */,
				1A441E0E2D870FC300078AD8 /* Repositories.swift in Sources */,
				1A441E102D870FC700078AD8 /* RepositoryClient.swift in Sources */,
				1A4678772D6C95F9008951DC /* DeckListView.swift in Sources */,
				1A05D40D2D61844200B945C4 /* flash_cardsApp.swift in Sources */,
				1A05D4762D61F3FE00B945C4 /* DeckDetaiView.swift in Sources */,
			);
			runOnlyForDeploymentPostprocessing = 0;
		};
		1A05D4152D61844300B945C4 /* Sources */ = {
			isa = PBXSourcesBuildPhase;
			buildActionMask = 2147483647;
			files = (
				1A05D41E2D61844300B945C4 /* flash_cardsTests.swift in Sources */,
			);
			runOnlyForDeploymentPostprocessing = 0;
		};
		1A05D41F2D61844300B945C4 /* Sources */ = {
			isa = PBXSourcesBuildPhase;
			buildActionMask = 2147483647;
			files = (
				1A05D4282D61844300B945C4 /* flash_cardsUITests.swift in Sources */,
				1A05D42A2D61844300B945C4 /* flash_cardsUITestsLaunchTests.swift in Sources */,
			);
			runOnlyForDeploymentPostprocessing = 0;
		};
/* End PBXSourcesBuildPhase section */

/* Begin PBXTargetDependency section */
		1A05D41B2D61844300B945C4 /* PBXTargetDependency */ = {
			isa = PBXTargetDependency;
			target = 1A05D4082D61844200B945C4 /* flash_cards */;
			targetProxy = 1A05D41A2D61844300B945C4 /* PBXContainerItemProxy */;
		};
		1A05D4252D61844300B945C4 /* PBXTargetDependency */ = {
			isa = PBXTargetDependency;
			target = 1A05D4082D61844200B945C4 /* flash_cards */;
			targetProxy = 1A05D4242D61844300B945C4 /* PBXContainerItemProxy */;
		};
/* End PBXTargetDependency section */

/* Begin XCBuildConfiguration section */
		1A05D42B2D61844300B945C4 /* Debug */ = {
			isa = XCBuildConfiguration;
			buildSettings = {
				ALWAYS_SEARCH_USER_PATHS = NO;
				ASSETCATALOG_COMPILER_GENERATE_SWIFT_ASSET_SYMBOL_EXTENSIONS = YES;
				CLANG_ANALYZER_NONNULL = YES;
				CLANG_ANALYZER_NUMBER_OBJECT_CONVERSION = YES_AGGRESSIVE;
				CLANG_CXX_LANGUAGE_STANDARD = "gnu++20";
				CLANG_ENABLE_MODULES = YES;
				CLANG_ENABLE_OBJC_ARC = YES;
				CLANG_ENABLE_OBJC_WEAK = YES;
				CLANG_WARN_BLOCK_CAPTURE_AUTORELEASING = YES;
				CLANG_WARN_BOOL_CONVERSION = YES;
				CLANG_WARN_COMMA = YES;
				CLANG_WARN_CONSTANT_CONVERSION = YES;
				CLANG_WARN_DEPRECATED_OBJC_IMPLEMENTATIONS = YES;
				CLANG_WARN_DIRECT_OBJC_ISA_USAGE = YES_ERROR;
				CLANG_WARN_DOCUMENTATION_COMMENTS = YES;
				CLANG_WARN_EMPTY_BODY = YES;
				CLANG_WARN_ENUM_CONVERSION = YES;
				CLANG_WARN_INFINITE_RECURSION = YES;
				CLANG_WARN_INT_CONVERSION = YES;
				CLANG_WARN_NON_LITERAL_NULL_CONVERSION = YES;
				CLANG_WARN_OBJC_IMPLICIT_RETAIN_SELF = YES;
				CLANG_WARN_OBJC_LITERAL_CONVERSION = YES;
				CLANG_WARN_OBJC_ROOT_CLASS = YES_ERROR;
				CLANG_WARN_QUOTED_INCLUDE_IN_FRAMEWORK_HEADER = YES;
				CLANG_WARN_RANGE_LOOP_ANALYSIS = YES;
				CLANG_WARN_STRICT_PROTOTYPES = YES;
				CLANG_WARN_SUSPICIOUS_MOVE = YES;
				CLANG_WARN_UNGUARDED_AVAILABILITY = YES_AGGRESSIVE;
				CLANG_WARN_UNREACHABLE_CODE = YES;
				CLANG_WARN__DUPLICATE_METHOD_MATCH = YES;
				COPY_PHASE_STRIP = NO;
				DEBUG_INFORMATION_FORMAT = dwarf;
				ENABLE_STRICT_OBJC_MSGSEND = YES;
				ENABLE_TESTABILITY = YES;
				ENABLE_USER_SCRIPT_SANDBOXING = YES;
				GCC_C_LANGUAGE_STANDARD = gnu17;
				GCC_DYNAMIC_NO_PIC = NO;
				GCC_NO_COMMON_BLOCKS = YES;
				GCC_OPTIMIZATION_LEVEL = 0;
				GCC_PREPROCESSOR_DEFINITIONS = (
					"DEBUG=1",
					"$(inherited)",
				);
				GCC_WARN_64_TO_32_BIT_CONVERSION = YES;
				GCC_WARN_ABOUT_RETURN_TYPE = YES_ERROR;
				GCC_WARN_UNDECLARED_SELECTOR = YES;
				GCC_WARN_UNINITIALIZED_AUTOS = YES_AGGRESSIVE;
				GCC_WARN_UNUSED_FUNCTION = YES;
				GCC_WARN_UNUSED_VARIABLE = YES;
				IPHONEOS_DEPLOYMENT_TARGET = 17.4;
				LOCALIZATION_PREFERS_STRING_CATALOGS = YES;
				MTL_ENABLE_DEBUG_INFO = INCLUDE_SOURCE;
				MTL_FAST_MATH = YES;
				ONLY_ACTIVE_ARCH = YES;
				SDKROOT = iphoneos;
				SWIFT_ACTIVE_COMPILATION_CONDITIONS = "DEBUG $(inherited)";
				SWIFT_OPTIMIZATION_LEVEL = "-Onone";
			};
			name = Debug;
		};
		1A05D42C2D61844300B945C4 /* Release */ = {
			isa = XCBuildConfiguration;
			buildSettings = {
				ALWAYS_SEARCH_USER_PATHS = NO;
				ASSETCATALOG_COMPILER_GENERATE_SWIFT_ASSET_SYMBOL_EXTENSIONS = YES;
				CLANG_ANALYZER_NONNULL = YES;
				CLANG_ANALYZER_NUMBER_OBJECT_CONVERSION = YES_AGGRESSIVE;
				CLANG_CXX_LANGUAGE_STANDARD = "gnu++20";
				CLANG_ENABLE_MODULES = YES;
				CLANG_ENABLE_OBJC_ARC = YES;
				CLANG_ENABLE_OBJC_WEAK = YES;
				CLANG_WARN_BLOCK_CAPTURE_AUTORELEASING = YES;
				CLANG_WARN_BOOL_CONVERSION = YES;
				CLANG_WARN_COMMA = YES;
				CLANG_WARN_CONSTANT_CONVERSION = YES;
				CLANG_WARN_DEPRECATED_OBJC_IMPLEMENTATIONS = YES;
				CLANG_WARN_DIRECT_OBJC_ISA_USAGE = YES_ERROR;
				CLANG_WARN_DOCUMENTATION_COMMENTS = YES;
				CLANG_WARN_EMPTY_BODY = YES;
				CLANG_WARN_ENUM_CONVERSION = YES;
				CLANG_WARN_INFINITE_RECURSION = YES;
				CLANG_WARN_INT_CONVERSION = YES;
				CLANG_WARN_NON_LITERAL_NULL_CONVERSION = YES;
				CLANG_WARN_OBJC_IMPLICIT_RETAIN_SELF = YES;
				CLANG_WARN_OBJC_LITERAL_CONVERSION = YES;
				CLANG_WARN_OBJC_ROOT_CLASS = YES_ERROR;
				CLANG_WARN_QUOTED_INCLUDE_IN_FRAMEWORK_HEADER = YES;
				CLANG_WARN_RANGE_LOOP_ANALYSIS = YES;
				CLANG_WARN_STRICT_PROTOTYPES = YES;
				CLANG_WARN_SUSPICIOUS_MOVE = YES;
				CLANG_WARN_UNGUARDED_AVAILABILITY = YES_AGGRESSIVE;
				CLANG_WARN_UNREACHABLE_CODE = YES;
				CLANG_WARN__DUPLICATE_METHOD_MATCH = YES;
				COPY_PHASE_STRIP = NO;
				DEBUG_INFORMATION_FORMAT = "dwarf-with-dsym";
				ENABLE_NS_ASSERTIONS = NO;
				ENABLE_STRICT_OBJC_MSGSEND = YES;
				ENABLE_USER_SCRIPT_SANDBOXING = YES;
				GCC_C_LANGUAGE_STANDARD = gnu17;
				GCC_NO_COMMON_BLOCKS = YES;
				GCC_WARN_64_TO_32_BIT_CONVERSION = YES;
				GCC_WARN_ABOUT_RETURN_TYPE = YES_ERROR;
				GCC_WARN_UNDECLARED_SELECTOR = YES;
				GCC_WARN_UNINITIALIZED_AUTOS = YES_AGGRESSIVE;
				GCC_WARN_UNUSED_FUNCTION = YES;
				GCC_WARN_UNUSED_VARIABLE = YES;
				IPHONEOS_DEPLOYMENT_TARGET = 17.4;
				LOCALIZATION_PREFERS_STRING_CATALOGS = YES;
				MTL_ENABLE_DEBUG_INFO = NO;
				MTL_FAST_MATH = YES;
				SDKROOT = iphoneos;
				SWIFT_COMPILATION_MODE = wholemodule;
				VALIDATE_PRODUCT = YES;
			};
			name = Release;
		};
		1A05D42E2D61844300B945C4 /* Debug */ = {
			isa = XCBuildConfiguration;
			buildSettings = {
				ASSETCATALOG_COMPILER_APPICON_NAME = AppIcon;
				ASSETCATALOG_COMPILER_GLOBAL_ACCENT_COLOR_NAME = AccentColor;
				CODE_SIGN_STYLE = Automatic;
				CURRENT_PROJECT_VERSION = 1;
				DEVELOPMENT_ASSET_PATHS = "\"flash_cards/Preview Content\"";
				DEVELOPMENT_TEAM = 4MXK2RFKD8;
				ENABLE_PREVIEWS = YES;
				GENERATE_INFOPLIST_FILE = YES;
				INFOPLIST_KEY_UIApplicationSceneManifest_Generation = YES;
				INFOPLIST_KEY_UIApplicationSupportsIndirectInputEvents = YES;
				INFOPLIST_KEY_UILaunchScreen_Generation = YES;
				INFOPLIST_KEY_UISupportedInterfaceOrientations_iPad = "UIInterfaceOrientationPortrait UIInterfaceOrientationPortraitUpsideDown UIInterfaceOrientationLandscapeLeft UIInterfaceOrientationLandscapeRight";
				INFOPLIST_KEY_UISupportedInterfaceOrientations_iPhone = "UIInterfaceOrientationPortrait UIInterfaceOrientationLandscapeLeft UIInterfaceOrientationLandscapeRight";
				IPHONEOS_DEPLOYMENT_TARGET = 17.0;
				LD_RUNPATH_SEARCH_PATHS = (
					"$(inherited)",
					"@executable_path/Frameworks",
				);
				MARKETING_VERSION = 1.0;
				PRODUCT_BUNDLE_IDENTIFIER = "com.myapp.flash-cards";
				PRODUCT_NAME = "$(TARGET_NAME)";
				SWIFT_EMIT_LOC_STRINGS = YES;
				SWIFT_VERSION = 5.0;
				TARGETED_DEVICE_FAMILY = "1,2";
			};
			name = Debug;
		};
		1A05D42F2D61844300B945C4 /* Release */ = {
			isa = XCBuildConfiguration;
			buildSettings = {
				ASSETCATALOG_COMPILER_APPICON_NAME = AppIcon;
				ASSETCATALOG_COMPILER_GLOBAL_ACCENT_COLOR_NAME = AccentColor;
				CODE_SIGN_STYLE = Automatic;
				CURRENT_PROJECT_VERSION = 1;
				DEVELOPMENT_ASSET_PATHS = "\"flash_cards/Preview Content\"";
				DEVELOPMENT_TEAM = 4MXK2RFKD8;
				ENABLE_PREVIEWS = YES;
				GENERATE_INFOPLIST_FILE = YES;
				INFOPLIST_KEY_UIApplicationSceneManifest_Generation = YES;
				INFOPLIST_KEY_UIApplicationSupportsIndirectInputEvents = YES;
				INFOPLIST_KEY_UILaunchScreen_Generation = YES;
				INFOPLIST_KEY_UISupportedInterfaceOrientations_iPad = "UIInterfaceOrientationPortrait UIInterfaceOrientationPortraitUpsideDown UIInterfaceOrientationLandscapeLeft UIInterfaceOrientationLandscapeRight";
				INFOPLIST_KEY_UISupportedInterfaceOrientations_iPhone = "UIInterfaceOrientationPortrait UIInterfaceOrientationLandscapeLeft UIInterfaceOrientationLandscapeRight";
				IPHONEOS_DEPLOYMENT_TARGET = 17.0;
				LD_RUNPATH_SEARCH_PATHS = (
					"$(inherited)",
					"@executable_path/Frameworks",
				);
				MARKETING_VERSION = 1.0;
				PRODUCT_BUNDLE_IDENTIFIER = "com.myapp.flash-cards";
				PRODUCT_NAME = "$(TARGET_NAME)";
				SWIFT_EMIT_LOC_STRINGS = YES;
				SWIFT_VERSION = 5.0;
				TARGETED_DEVICE_FAMILY = "1,2";
			};
			name = Release;
		};
		1A05D4312D61844300B945C4 /* Debug */ = {
			isa = XCBuildConfiguration;
			buildSettings = {
				ALWAYS_EMBED_SWIFT_STANDARD_LIBRARIES = YES;
				BUNDLE_LOADER = "$(TEST_HOST)";
				CODE_SIGN_STYLE = Automatic;
				CURRENT_PROJECT_VERSION = 1;
				DEVELOPMENT_TEAM = 4MXK2RFKD8;
				GENERATE_INFOPLIST_FILE = YES;
				IPHONEOS_DEPLOYMENT_TARGET = 17.4;
				MARKETING_VERSION = 1.0;
				PRODUCT_BUNDLE_IDENTIFIER = "com.myapp.flash-cardsTests";
				PRODUCT_NAME = "$(TARGET_NAME)";
				SWIFT_EMIT_LOC_STRINGS = NO;
				SWIFT_VERSION = 5.0;
				TARGETED_DEVICE_FAMILY = "1,2";
				TEST_HOST = "$(BUILT_PRODUCTS_DIR)/flash_cards.app/$(BUNDLE_EXECUTABLE_FOLDER_PATH)/flash_cards";
			};
			name = Debug;
		};
		1A05D4322D61844300B945C4 /* Release */ = {
			isa = XCBuildConfiguration;
			buildSettings = {
				ALWAYS_EMBED_SWIFT_STANDARD_LIBRARIES = YES;
				BUNDLE_LOADER = "$(TEST_HOST)";
				CODE_SIGN_STYLE = Automatic;
				CURRENT_PROJECT_VERSION = 1;
				DEVELOPMENT_TEAM = 4MXK2RFKD8;
				GENERATE_INFOPLIST_FILE = YES;
				IPHONEOS_DEPLOYMENT_TARGET = 17.4;
				MARKETING_VERSION = 1.0;
				PRODUCT_BUNDLE_IDENTIFIER = "com.myapp.flash-cardsTests";
				PRODUCT_NAME = "$(TARGET_NAME)";
				SWIFT_EMIT_LOC_STRINGS = NO;
				SWIFT_VERSION = 5.0;
				TARGETED_DEVICE_FAMILY = "1,2";
				TEST_HOST = "$(BUILT_PRODUCTS_DIR)/flash_cards.app/$(BUNDLE_EXECUTABLE_FOLDER_PATH)/flash_cards";
			};
			name = Release;
		};
		1A05D4342D61844300B945C4 /* Debug */ = {
			isa = XCBuildConfiguration;
			buildSettings = {
				ALWAYS_EMBED_SWIFT_STANDARD_LIBRARIES = YES;
				CODE_SIGN_STYLE = Automatic;
				CURRENT_PROJECT_VERSION = 1;
				DEVELOPMENT_TEAM = 4MXK2RFKD8;
				GENERATE_INFOPLIST_FILE = YES;
				MARKETING_VERSION = 1.0;
				PRODUCT_BUNDLE_IDENTIFIER = "com.myapp.flash-cardsUITests";
				PRODUCT_NAME = "$(TARGET_NAME)";
				SWIFT_EMIT_LOC_STRINGS = NO;
				SWIFT_VERSION = 5.0;
				TARGETED_DEVICE_FAMILY = "1,2";
				TEST_TARGET_NAME = flash_cards;
			};
			name = Debug;
		};
		1A05D4352D61844300B945C4 /* Release */ = {
			isa = XCBuildConfiguration;
			buildSettings = {
				ALWAYS_EMBED_SWIFT_STANDARD_LIBRARIES = YES;
				CODE_SIGN_STYLE = Automatic;
				CURRENT_PROJECT_VERSION = 1;
				DEVELOPMENT_TEAM = 4MXK2RFKD8;
				GENERATE_INFOPLIST_FILE = YES;
				MARKETING_VERSION = 1.0;
				PRODUCT_BUNDLE_IDENTIFIER = "com.myapp.flash-cardsUITests";
				PRODUCT_NAME = "$(TARGET_NAME)";
				SWIFT_EMIT_LOC_STRINGS = NO;
				SWIFT_VERSION = 5.0;
				TARGETED_DEVICE_FAMILY = "1,2";
				TEST_TARGET_NAME = flash_cards;
			};
			name = Release;
		};
/* End XCBuildConfiguration section */

/* Begin XCConfigurationList section */
		1A05D4042D61844100B945C4 /* Build configuration list for PBXProject "flash_cards" */ = {
			isa = XCConfigurationList;
			buildConfigurations = (
				1A05D42B2D61844300B945C4 /* Debug */,
				1A05D42C2D61844300B945C4 /* Release */,
			);
			defaultConfigurationIsVisible = 0;
			defaultConfigurationName = Release;
		};
		1A05D42D2D61844300B945C4 /* Build configuration list for PBXNativeTarget "flash_cards" */ = {
			isa = XCConfigurationList;
			buildConfigurations = (
				1A05D42E2D61844300B945C4 /* Debug */,
				1A05D42F2D61844300B945C4 /* Release */,
			);
			defaultConfigurationIsVisible = 0;
			defaultConfigurationName = Release;
		};
		1A05D4302D61844300B945C4 /* Build configuration list for PBXNativeTarget "flash_cardsTests" */ = {
			isa = XCConfigurationList;
			buildConfigurations = (
				1A05D4312D61844300B945C4 /* Debug */,
				1A05D4322D61844300B945C4 /* Release */,
			);
			defaultConfigurationIsVisible = 0;
			defaultConfigurationName = Release;
		};
		1A05D4332D61844300B945C4 /* Build configuration list for PBXNativeTarget "flash_cardsUITests" */ = {
			isa = XCConfigurationList;
			buildConfigurations = (
				1A05D4342D61844300B945C4 /* Debug */,
				1A05D4352D61844300B945C4 /* Release */,
			);
			defaultConfigurationIsVisible = 0;
			defaultConfigurationName = Release;
		};
/* End XCConfigurationList section */

/* Begin XCRemoteSwiftPackageReference section */
		1A05D46C2D61CB6E00B945C4 /* XCRemoteSwiftPackageReference "swift-composable-architecture" */ = {
			isa = XCRemoteSwiftPackageReference;
			repositoryURL = "https://github.com/pointfreeco/swift-composable-architecture";
			requirement = {
				kind = upToNextMajorVersion;
				minimumVersion = 1.17.1;
			};
		};
		1A441E112D87149000078AD8 /* XCRemoteSwiftPackageReference "realm-swift" */ = {
			isa = XCRemoteSwiftPackageReference;
			repositoryURL = "https://github.com/realm/realm-swift.git";
			requirement = {
				kind = upToNextMajorVersion;
				minimumVersion = 10.54.3;
			};
		};
/* End XCRemoteSwiftPackageReference section */

/* Begin XCSwiftPackageProductDependency section */
		1A05D46D2D61CB6E00B945C4 /* ComposableArchitecture */ = {
			isa = XCSwiftPackageProductDependency;
			package = 1A05D46C2D61CB6E00B945C4 /* XCRemoteSwiftPackageReference "swift-composable-architecture" */;
			productName = ComposableArchitecture;
		};
		1A441E142D87149000078AD8 /* RealmSwift */ = {
			isa = XCSwiftPackageProductDependency;
			package = 1A441E112D87149000078AD8 /* XCRemoteSwiftPackageReference "realm-swift" */;
			productName = RealmSwift;
		};
/* End XCSwiftPackageProductDependency section */
	};
	rootObject = 1A05D4012D61844100B945C4 /* Project object */;
}
